Microsoft Visual Studio Solution File, Format Version 12.00
# Visual Studio 15
VisualStudioVersion = 15.0.27004.2002
MinimumVisualStudioVersion = 10.0.40219.1
Project("{FAE04EC0-301F-11D3-BF4B-00C04F79EFBC}") = "desktop.mac", "desktop.mac\desktop.mac.csproj", "{6816E1F2-3329-4331-9AD6-5619C2EFCD61}"
EndProject
Project("{FAE04EC0-301F-11D3-BF4B-00C04F79EFBC}") = "Desktop.WPF", "desktop.wpf\Desktop.WPF.csproj", "{79491DA1-9CDF-4D2E-B50C-D55EC72B814A}"
EndProject
Project("{9A19103F-16F7-4668-BE54-9A1E7A4F7556}") = "Desktop.Common", "desktop.common\Desktop.Common.csproj", "{44897F34-DD07-4333-B0C8-475129B71555}"
EndProject
Project("{9A19103F-16F7-4668-BE54-9A1E7A4F7556}") = "Net.Fex.Api.v1", "net.fex.api.v1\Net.Fex.Api.v1.csproj", "{943E71A6-B25B-4F7D-9641-799B926E1E8B}"
EndProject
Project("{9A19103F-16F7-4668-BE54-9A1E7A4F7556}") = "Net.Fex.Api.v1.Tests", "net.fex.api.v1.tests\Net.Fex.Api.v1.Tests.csproj", "{C2C207B7-2492-4E7A-85EB-27B474EAD025}"
EndProject
Project("{D954291E-2A0B-460D-934E-DC6B0785DB48}") = "Desktop.Shared", "desktop.shared\Desktop.Shared.shproj", "{3D8A89C0-E4F0-45AE-9531-4E8B30A50E66}"
EndProject
Project("{FAE04EC0-301F-11D3-BF4B-00C04F79EFBC}") = "ConsolePrivateTest", "ConsolePrivateTest\ConsolePrivateTest.csproj", "{EE700EDB-DA1A-4905-9B27-E67E573420F4}"
EndProject
Global
	GlobalSection(SharedMSBuildProjectFiles) = preSolution
		desktop.shared\desktop.shared.projitems*{3d8a89c0-e4f0-45ae-9531-4e8b30a50e66}*SharedItemsImports = 13
	EndGlobalSection
	GlobalSection(SolutionConfigurationPlatforms) = preSolution
		Debug|Any CPU = Debug|Any CPU
		Debug|x86 = Debug|x86
		Release|Any CPU = Release|Any CPU
		Release|x86 = Release|x86
	EndGlobalSection
	GlobalSection(ProjectConfigurationPlatforms) = postSolution
		{6816E1F2-3329-4331-9AD6-5619C2EFCD61}.Debug|Any CPU.ActiveCfg = Debug|x86
		{6816E1F2-3329-4331-9AD6-5619C2EFCD61}.Debug|x86.ActiveCfg = Debug|x86
		{6816E1F2-3329-4331-9AD6-5619C2EFCD61}.Debug|x86.Build.0 = Debug|x86
		{6816E1F2-3329-4331-9AD6-5619C2EFCD61}.Release|Any CPU.ActiveCfg = Release|x86
		{6816E1F2-3329-4331-9AD6-5619C2EFCD61}.Release|x86.ActiveCfg = Release|x86
		{6816E1F2-3329-4331-9AD6-5619C2EFCD61}.Release|x86.Build.0 = Release|x86
		{79491DA1-9CDF-4D2E-B50C-D55EC72B814A}.Debug|Any CPU.ActiveCfg = Debug|Any CPU
		{79491DA1-9CDF-4D2E-B50C-D55EC72B814A}.Debug|Any CPU.Build.0 = Debug|Any CPU
		{79491DA1-9CDF-4D2E-B50C-D55EC72B814A}.Debug|x86.ActiveCfg = Debug|Any CPU
		{79491DA1-9CDF-4D2E-B50C-D55EC72B814A}.Debug|x86.Build.0 = Debug|Any CPU
		{79491DA1-9CDF-4D2E-B50C-D55EC72B814A}.Release|Any CPU.ActiveCfg = Release|Any CPU
		{79491DA1-9CDF-4D2E-B50C-D55EC72B814A}.Release|Any CPU.Build.0 = Release|Any CPU
		{79491DA1-9CDF-4D2E-B50C-D55EC72B814A}.Release|x86.ActiveCfg = Release|Any CPU
		{79491DA1-9CDF-4D2E-B50C-D55EC72B814A}.Release|x86.Build.0 = Release|Any CPU
		{44897F34-DD07-4333-B0C8-475129B71555}.Debug|Any CPU.ActiveCfg = Debug|Any CPU
		{44897F34-DD07-4333-B0C8-475129B71555}.Debug|Any CPU.Build.0 = Debug|Any CPU
		{44897F34-DD07-4333-B0C8-475129B71555}.Debug|x86.ActiveCfg = Debug|Any CPU
		{44897F34-DD07-4333-B0C8-475129B71555}.Debug|x86.Build.0 = Debug|Any CPU
		{44897F34-DD07-4333-B0C8-475129B71555}.Release|Any CPU.ActiveCfg = Release|Any CPU
		{44897F34-DD07-4333-B0C8-475129B71555}.Release|Any CPU.Build.0 = Release|Any CPU
		{44897F34-DD07-4333-B0C8-475129B71555}.Release|x86.ActiveCfg = Release|Any CPU
		{44897F34-DD07-4333-B0C8-475129B71555}.Release|x86.Build.0 = Release|Any CPU
		{943E71A6-B25B-4F7D-9641-799B926E1E8B}.Debug|Any CPU.ActiveCfg = Debug|Any CPU
		{943E71A6-B25B-4F7D-9641-799B926E1E8B}.Debug|Any CPU.Build.0 = Debug|Any CPU
		{943E71A6-B25B-4F7D-9641-799B926E1E8B}.Debug|x86.ActiveCfg = Debug|Any CPU
		{943E71A6-B25B-4F7D-9641-799B926E1E8B}.Debug|x86.Build.0 = Debug|Any CPU
		{943E71A6-B25B-4F7D-9641-799B926E1E8B}.Release|Any CPU.ActiveCfg = Release|Any CPU
		{943E71A6-B25B-4F7D-9641-799B926E1E8B}.Release|Any CPU.Build.0 = Release|Any CPU
		{943E71A6-B25B-4F7D-9641-799B926E1E8B}.Release|x86.ActiveCfg = Release|Any CPU
		{943E71A6-B25B-4F7D-9641-799B926E1E8B}.Release|x86.Build.0 = Release|Any CPU
		{C2C207B7-2492-4E7A-85EB-27B474EAD025}.Debug|Any CPU.ActiveCfg = Debug|Any CPU
		{C2C207B7-2492-4E7A-85EB-27B474EAD025}.Debug|Any CPU.Build.0 = Debug|Any CPU
		{C2C207B7-2492-4E7A-85EB-27B474EAD025}.Debug|x86.ActiveCfg = Debug|Any CPU
		{C2C207B7-2492-4E7A-85EB-27B474EAD025}.Debug|x86.Build.0 = Debug|Any CPU
		{C2C207B7-2492-4E7A-85EB-27B474EAD025}.Release|Any CPU.ActiveCfg = Release|Any CPU
		{C2C207B7-2492-4E7A-85EB-27B474EAD025}.Release|Any CPU.Build.0 = Release|Any CPU
		{C2C207B7-2492-4E7A-85EB-27B474EAD025}.Release|x86.ActiveCfg = Release|Any CPU
		{C2C207B7-2492-4E7A-85EB-27B474EAD025}.Release|x86.Build.0 = Release|Any CPU
		{EE700EDB-DA1A-4905-9B27-E67E573420F4}.Debug|Any CPU.ActiveCfg = Debug|Any CPU
		{EE700EDB-DA1A-4905-9B27-E67E573420F4}.Debug|Any CPU.Build.0 = Debug|Any CPU
		{EE700EDB-DA1A-4905-9B27-E67E573420F4}.Debug|x86.ActiveCfg = Debug|Any CPU
		{EE700EDB-DA1A-4905-9B27-E67E573420F4}.Debug|x86.Build.0 = Debug|Any CPU
		{EE700EDB-DA1A-4905-9B27-E67E573420F4}.Release|Any CPU.ActiveCfg = Release|Any CPU
		{EE700EDB-DA1A-4905-9B27-E67E573420F4}.Release|Any CPU.Build.0 = Release|Any CPU
		{EE700EDB-DA1A-4905-9B27-E67E573420F4}.Release|x86.ActiveCfg = Release|Any CPU
		{EE700EDB-DA1A-4905-9B27-E67E573420F4}.Release|x86.Build.0 = Release|Any CPU
	EndGlobalSection
	GlobalSection(SolutionProperties) = preSolution
		HideSolutionNode = FALSE
	EndGlobalSection
	GlobalSection(ExtensibilityGlobals) = postSolution
		SolutionGuid = {75BABEFA-0CCA-41FE-8346-3BEB1A8B0F28}
	EndGlobalSection
EndGlobal
