Microsoft Visual Studio Solution File, Format Version 12.00
# Visual Studio 15
VisualStudioVersion = 15.0.27130.2020
MinimumVisualStudioVersion = 10.0.40219.1
Project("{FAE04EC0-301F-11D3-BF4B-00C04F79EFBC}") = "FexSync.Windows", "FexSync.Windows\FexSync.Windows.csproj", "{79491DA1-9CDF-4D2E-B50C-D55EC72B814A}"
EndProject
Project("{FAE04EC0-301F-11D3-BF4B-00C04F79EFBC}") = "FexSync.Mac", "FexSync.Mac\FexSync.Mac.csproj", "{6816E1F2-3329-4331-9AD6-5619C2EFCD61}"
EndProject
Project("{9A19103F-16F7-4668-BE54-9A1E7A4F7556}") = "FexSync.Data", "FexSync.Data\FexSync.Data.csproj", "{C74ECD46-32D8-4705-9BE9-402C180EEE4D}"
EndProject
Project("{9A19103F-16F7-4668-BE54-9A1E7A4F7556}") = "FexSync.Data.Tests", "FexSync.Data.Tests\FexSync.Data.Tests.csproj", "{311DB44D-69F0-40B4-9DFE-C71DF9B366F9}"
EndProject
Project("{2150E333-8FDC-42A3-9474-1A3956D46DE8}") = "fex-api", "fex-api", "{4743917D-BDB4-4206-A899-ADDE16496D61}"
EndProject
Project("{9A19103F-16F7-4668-BE54-9A1E7A4F7556}") = "net.fex.api.v1", "submodules\fex-api\net.fex.api.v1\net.fex.api.v1.csproj", "{E2BAEB61-E7F8-4717-8328-B97C5DA29126}"
EndProject
Project("{9A19103F-16F7-4668-BE54-9A1E7A4F7556}") = "net.fex.api.v1.tests", "submodules\fex-api\net.fex.api.v1.tests\net.fex.api.v1.tests.csproj", "{6D1D0AE2-15FB-4512-885A-562BC345E274}"
EndProject
Project("{9A19103F-16F7-4668-BE54-9A1E7A4F7556}") = "FexSync.Data.Windows", "FexSync.Data.Windows\FexSync.Data.Windows.csproj", "{05B735B8-F2B4-4916-95F7-278C64131963}"
EndProject
Project("{9A19103F-16F7-4668-BE54-9A1E7A4F7556}") = "FexSync.Data.Windows.Tests", "FexSync.Data.Windows.Tests\FexSync.Data.Windows.Tests.csproj", "{90002704-4185-4287-87A3-14C382BC4CE4}"
EndProject
Project("{2150E333-8FDC-42A3-9474-1A3956D46DE8}") = "EF", "EF", "{6DE36E61-9201-4730-B19F-C0749586A8A4}"
EndProject
Project("{9A19103F-16F7-4668-BE54-9A1E7A4F7556}") = "EFCore", "submodules\EntityFrameworkCore\src\EFCore\EFCore.csproj", "{F455D3A5-8E69-473C-9375-9C7DF0DD04B0}"
EndProject
Project("{9A19103F-16F7-4668-BE54-9A1E7A4F7556}") = "EFCore.Relational", "submodules\EntityFrameworkCore\src\EFCore.Relational\EFCore.Relational.csproj", "{A1DD3CF0-DF87-4602-9219-C91B0DA676B7}"
EndProject
Project("{9A19103F-16F7-4668-BE54-9A1E7A4F7556}") = "EFCore.Sqlite.Core", "submodules\EntityFrameworkCore\src\EFCore.Sqlite.Core\EFCore.Sqlite.Core.csproj", "{89BFFB04-584D-4D38-B96F-DBE433B93A63}"
EndProject
Project("{9A19103F-16F7-4668-BE54-9A1E7A4F7556}") = "EFCore.Design", "submodules\EntityFrameworkCore\src\EFCore.Design\EFCore.Design.csproj", "{6D1E903A-D4CC-4C3A-8A33-A1F66460EFDB}"
EndProject
Project("{9A19103F-16F7-4668-BE54-9A1E7A4F7556}") = "Microsoft.Extensions.Caching.Abstractions", "submodules\caching\src\Microsoft.Extensions.Caching.Abstractions\Microsoft.Extensions.Caching.Abstractions.csproj", "{484BE584-EC22-4D72-84CD-1518C3CCA89B}"
EndProject
Project("{9A19103F-16F7-4668-BE54-9A1E7A4F7556}") = "Microsoft.Extensions.Caching.Memory", "submodules\caching\src\Microsoft.Extensions.Caching.Memory\Microsoft.Extensions.Caching.Memory.csproj", "{67919410-E948-41A8-A9AF-564E7231488D}"
EndProject
Project("{2150E333-8FDC-42A3-9474-1A3956D46DE8}") = "Microsoft.Extensions", "Microsoft.Extensions", "{CD1045BD-6EA7-4DEC-BD7A-FFD05BBC9753}"
EndProject
Project("{9A19103F-16F7-4668-BE54-9A1E7A4F7556}") = "Microsoft.Extensions.Primitives", "submodules\common\src\Microsoft.Extensions.Primitives\Microsoft.Extensions.Primitives.csproj", "{F70FDA7E-0F40-4AD6-81CF-B661E8E53EEB}"
EndProject
Project("{9A19103F-16F7-4668-BE54-9A1E7A4F7556}") = "Microsoft.Extensions.Options", "submodules\options\src\Microsoft.Extensions.Options\Microsoft.Extensions.Options.csproj", "{51371DB2-7528-406E-9332-8818E1D8FC3A}"
EndProject
Project("{9A19103F-16F7-4668-BE54-9A1E7A4F7556}") = "DI.Abstractions", "submodules\DependencyInjection\src\DI.Abstractions\DI.Abstractions.csproj", "{8781702C-0E79-4CCD-B4B1-094FAF32D881}"
EndProject
Project("{9A19103F-16F7-4668-BE54-9A1E7A4F7556}") = "DI", "submodules\DependencyInjection\src\DI\DI.csproj", "{B7EA335A-76B9-47AB-A394-1AD45CBE00FA}"
EndProject
Project("{9A19103F-16F7-4668-BE54-9A1E7A4F7556}") = "Microsoft.Extensions.Logging", "submodules\logging\src\Microsoft.Extensions.Logging\Microsoft.Extensions.Logging.csproj", "{334DAF99-71C3-4F26-819F-AB218502716D}"
EndProject
Project("{9A19103F-16F7-4668-BE54-9A1E7A4F7556}") = "Microsoft.Extensions.Logging.Abstractions", "submodules\logging\src\Microsoft.Extensions.Logging.Abstractions\Microsoft.Extensions.Logging.Abstractions.csproj", "{7C9E2091-83DC-405A-A96A-EC83BE171BAC}"
EndProject
Global
	GlobalSection(SolutionConfigurationPlatforms) = preSolution
		Debug|Any CPU = Debug|Any CPU
		Debug|x86 = Debug|x86
		Deploy|Any CPU = Deploy|Any CPU
		Deploy|x86 = Deploy|x86
		Release|Any CPU = Release|Any CPU
		Release|x86 = Release|x86
	EndGlobalSection
	GlobalSection(ProjectConfigurationPlatforms) = postSolution
		{79491DA1-9CDF-4D2E-B50C-D55EC72B814A}.Debug|Any CPU.ActiveCfg = Debug|Any CPU
		{79491DA1-9CDF-4D2E-B50C-D55EC72B814A}.Debug|Any CPU.Build.0 = Debug|Any CPU
		{79491DA1-9CDF-4D2E-B50C-D55EC72B814A}.Debug|x86.ActiveCfg = Debug|Any CPU
		{79491DA1-9CDF-4D2E-B50C-D55EC72B814A}.Debug|x86.Build.0 = Debug|Any CPU
		{79491DA1-9CDF-4D2E-B50C-D55EC72B814A}.Deploy|Any CPU.ActiveCfg = Release|Any CPU
		{79491DA1-9CDF-4D2E-B50C-D55EC72B814A}.Deploy|Any CPU.Build.0 = Release|Any CPU
		{79491DA1-9CDF-4D2E-B50C-D55EC72B814A}.Deploy|x86.ActiveCfg = Release|Any CPU
		{79491DA1-9CDF-4D2E-B50C-D55EC72B814A}.Deploy|x86.Build.0 = Release|Any CPU
		{79491DA1-9CDF-4D2E-B50C-D55EC72B814A}.Release|Any CPU.ActiveCfg = Release|Any CPU
		{79491DA1-9CDF-4D2E-B50C-D55EC72B814A}.Release|Any CPU.Build.0 = Release|Any CPU
		{79491DA1-9CDF-4D2E-B50C-D55EC72B814A}.Release|x86.ActiveCfg = Release|Any CPU
		{79491DA1-9CDF-4D2E-B50C-D55EC72B814A}.Release|x86.Build.0 = Release|Any CPU
		{6816E1F2-3329-4331-9AD6-5619C2EFCD61}.Debug|Any CPU.ActiveCfg = Debug|x86
		{6816E1F2-3329-4331-9AD6-5619C2EFCD61}.Debug|Any CPU.Build.0 = Debug|x86
		{6816E1F2-3329-4331-9AD6-5619C2EFCD61}.Debug|x86.ActiveCfg = Debug|x86
		{6816E1F2-3329-4331-9AD6-5619C2EFCD61}.Debug|x86.Build.0 = Debug|x86
		{6816E1F2-3329-4331-9AD6-5619C2EFCD61}.Deploy|Any CPU.ActiveCfg = Release|x86
		{6816E1F2-3329-4331-9AD6-5619C2EFCD61}.Deploy|x86.ActiveCfg = Release|x86
		{6816E1F2-3329-4331-9AD6-5619C2EFCD61}.Deploy|x86.Build.0 = Release|x86
		{6816E1F2-3329-4331-9AD6-5619C2EFCD61}.Release|Any CPU.ActiveCfg = Release|x86
		{6816E1F2-3329-4331-9AD6-5619C2EFCD61}.Release|x86.ActiveCfg = Release|x86
		{6816E1F2-3329-4331-9AD6-5619C2EFCD61}.Release|x86.Build.0 = Release|x86
		{C74ECD46-32D8-4705-9BE9-402C180EEE4D}.Debug|Any CPU.ActiveCfg = Debug|Any CPU
		{C74ECD46-32D8-4705-9BE9-402C180EEE4D}.Debug|Any CPU.Build.0 = Debug|Any CPU
		{C74ECD46-32D8-4705-9BE9-402C180EEE4D}.Debug|x86.ActiveCfg = Debug|Any CPU
		{C74ECD46-32D8-4705-9BE9-402C180EEE4D}.Debug|x86.Build.0 = Debug|Any CPU
		{C74ECD46-32D8-4705-9BE9-402C180EEE4D}.Deploy|Any CPU.ActiveCfg = Release|Any CPU
		{C74ECD46-32D8-4705-9BE9-402C180EEE4D}.Deploy|Any CPU.Build.0 = Release|Any CPU
		{C74ECD46-32D8-4705-9BE9-402C180EEE4D}.Deploy|x86.ActiveCfg = Debug|Any CPU
		{C74ECD46-32D8-4705-9BE9-402C180EEE4D}.Deploy|x86.Build.0 = Debug|Any CPU
		{C74ECD46-32D8-4705-9BE9-402C180EEE4D}.Release|Any CPU.ActiveCfg = Release|Any CPU
		{C74ECD46-32D8-4705-9BE9-402C180EEE4D}.Release|Any CPU.Build.0 = Release|Any CPU
		{C74ECD46-32D8-4705-9BE9-402C180EEE4D}.Release|x86.ActiveCfg = Release|Any CPU
		{C74ECD46-32D8-4705-9BE9-402C180EEE4D}.Release|x86.Build.0 = Release|Any CPU
		{311DB44D-69F0-40B4-9DFE-C71DF9B366F9}.Debug|Any CPU.ActiveCfg = Debug|Any CPU
		{311DB44D-69F0-40B4-9DFE-C71DF9B366F9}.Debug|Any CPU.Build.0 = Debug|Any CPU
		{311DB44D-69F0-40B4-9DFE-C71DF9B366F9}.Debug|x86.ActiveCfg = Debug|Any CPU
		{311DB44D-69F0-40B4-9DFE-C71DF9B366F9}.Debug|x86.Build.0 = Debug|Any CPU
		{311DB44D-69F0-40B4-9DFE-C71DF9B366F9}.Deploy|Any CPU.ActiveCfg = Release|Any CPU
		{311DB44D-69F0-40B4-9DFE-C71DF9B366F9}.Deploy|Any CPU.Build.0 = Release|Any CPU
		{311DB44D-69F0-40B4-9DFE-C71DF9B366F9}.Deploy|x86.ActiveCfg = Debug|Any CPU
		{311DB44D-69F0-40B4-9DFE-C71DF9B366F9}.Deploy|x86.Build.0 = Debug|Any CPU
		{311DB44D-69F0-40B4-9DFE-C71DF9B366F9}.Release|Any CPU.ActiveCfg = Release|Any CPU
		{311DB44D-69F0-40B4-9DFE-C71DF9B366F9}.Release|Any CPU.Build.0 = Release|Any CPU
		{311DB44D-69F0-40B4-9DFE-C71DF9B366F9}.Release|x86.ActiveCfg = Release|Any CPU
		{311DB44D-69F0-40B4-9DFE-C71DF9B366F9}.Release|x86.Build.0 = Release|Any CPU
		{E2BAEB61-E7F8-4717-8328-B97C5DA29126}.Debug|Any CPU.ActiveCfg = Debug|Any CPU
		{E2BAEB61-E7F8-4717-8328-B97C5DA29126}.Debug|Any CPU.Build.0 = Debug|Any CPU
		{E2BAEB61-E7F8-4717-8328-B97C5DA29126}.Debug|x86.ActiveCfg = Debug|Any CPU
		{E2BAEB61-E7F8-4717-8328-B97C5DA29126}.Debug|x86.Build.0 = Debug|Any CPU
		{E2BAEB61-E7F8-4717-8328-B97C5DA29126}.Deploy|Any CPU.ActiveCfg = Release|Any CPU
		{E2BAEB61-E7F8-4717-8328-B97C5DA29126}.Deploy|Any CPU.Build.0 = Release|Any CPU
		{E2BAEB61-E7F8-4717-8328-B97C5DA29126}.Deploy|x86.ActiveCfg = Release|Any CPU
		{E2BAEB61-E7F8-4717-8328-B97C5DA29126}.Deploy|x86.Build.0 = Release|Any CPU
		{E2BAEB61-E7F8-4717-8328-B97C5DA29126}.Release|Any CPU.ActiveCfg = Release|Any CPU
		{E2BAEB61-E7F8-4717-8328-B97C5DA29126}.Release|Any CPU.Build.0 = Release|Any CPU
		{E2BAEB61-E7F8-4717-8328-B97C5DA29126}.Release|x86.ActiveCfg = Release|Any CPU
		{E2BAEB61-E7F8-4717-8328-B97C5DA29126}.Release|x86.Build.0 = Release|Any CPU
		{6D1D0AE2-15FB-4512-885A-562BC345E274}.Debug|Any CPU.ActiveCfg = Debug|Any CPU
		{6D1D0AE2-15FB-4512-885A-562BC345E274}.Debug|Any CPU.Build.0 = Debug|Any CPU
		{6D1D0AE2-15FB-4512-885A-562BC345E274}.Debug|x86.ActiveCfg = Debug|Any CPU
		{6D1D0AE2-15FB-4512-885A-562BC345E274}.Debug|x86.Build.0 = Debug|Any CPU
		{6D1D0AE2-15FB-4512-885A-562BC345E274}.Deploy|Any CPU.ActiveCfg = Release|Any CPU
		{6D1D0AE2-15FB-4512-885A-562BC345E274}.Deploy|Any CPU.Build.0 = Release|Any CPU
		{6D1D0AE2-15FB-4512-885A-562BC345E274}.Deploy|x86.ActiveCfg = Release|Any CPU
		{6D1D0AE2-15FB-4512-885A-562BC345E274}.Deploy|x86.Build.0 = Release|Any CPU
		{6D1D0AE2-15FB-4512-885A-562BC345E274}.Release|Any CPU.ActiveCfg = Release|Any CPU
		{6D1D0AE2-15FB-4512-885A-562BC345E274}.Release|Any CPU.Build.0 = Release|Any CPU
		{6D1D0AE2-15FB-4512-885A-562BC345E274}.Release|x86.ActiveCfg = Release|Any CPU
		{6D1D0AE2-15FB-4512-885A-562BC345E274}.Release|x86.Build.0 = Release|Any CPU
		{05B735B8-F2B4-4916-95F7-278C64131963}.Debug|Any CPU.ActiveCfg = Debug|Any CPU
		{05B735B8-F2B4-4916-95F7-278C64131963}.Debug|Any CPU.Build.0 = Debug|Any CPU
		{05B735B8-F2B4-4916-95F7-278C64131963}.Debug|x86.ActiveCfg = Debug|Any CPU
		{05B735B8-F2B4-4916-95F7-278C64131963}.Debug|x86.Build.0 = Debug|Any CPU
		{05B735B8-F2B4-4916-95F7-278C64131963}.Deploy|Any CPU.ActiveCfg = Release|Any CPU
		{05B735B8-F2B4-4916-95F7-278C64131963}.Deploy|Any CPU.Build.0 = Release|Any CPU
		{05B735B8-F2B4-4916-95F7-278C64131963}.Deploy|x86.ActiveCfg = Debug|Any CPU
		{05B735B8-F2B4-4916-95F7-278C64131963}.Deploy|x86.Build.0 = Debug|Any CPU
		{05B735B8-F2B4-4916-95F7-278C64131963}.Release|Any CPU.ActiveCfg = Release|Any CPU
		{05B735B8-F2B4-4916-95F7-278C64131963}.Release|Any CPU.Build.0 = Release|Any CPU
		{05B735B8-F2B4-4916-95F7-278C64131963}.Release|x86.ActiveCfg = Release|Any CPU
		{05B735B8-F2B4-4916-95F7-278C64131963}.Release|x86.Build.0 = Release|Any CPU
		{90002704-4185-4287-87A3-14C382BC4CE4}.Debug|Any CPU.ActiveCfg = Debug|Any CPU
		{90002704-4185-4287-87A3-14C382BC4CE4}.Debug|Any CPU.Build.0 = Debug|Any CPU
		{90002704-4185-4287-87A3-14C382BC4CE4}.Debug|x86.ActiveCfg = Debug|Any CPU
		{90002704-4185-4287-87A3-14C382BC4CE4}.Debug|x86.Build.0 = Debug|Any CPU
		{90002704-4185-4287-87A3-14C382BC4CE4}.Deploy|Any CPU.ActiveCfg = Release|Any CPU
		{90002704-4185-4287-87A3-14C382BC4CE4}.Deploy|Any CPU.Build.0 = Release|Any CPU
		{90002704-4185-4287-87A3-14C382BC4CE4}.Deploy|x86.ActiveCfg = Debug|Any CPU
		{90002704-4185-4287-87A3-14C382BC4CE4}.Deploy|x86.Build.0 = Debug|Any CPU
		{90002704-4185-4287-87A3-14C382BC4CE4}.Release|Any CPU.ActiveCfg = Release|Any CPU
		{90002704-4185-4287-87A3-14C382BC4CE4}.Release|Any CPU.Build.0 = Release|Any CPU
		{90002704-4185-4287-87A3-14C382BC4CE4}.Release|x86.ActiveCfg = Release|Any CPU
		{90002704-4185-4287-87A3-14C382BC4CE4}.Release|x86.Build.0 = Release|Any CPU
		{F455D3A5-8E69-473C-9375-9C7DF0DD04B0}.Debug|Any CPU.ActiveCfg = Debug|Any CPU
		{F455D3A5-8E69-473C-9375-9C7DF0DD04B0}.Debug|Any CPU.Build.0 = Debug|Any CPU
		{F455D3A5-8E69-473C-9375-9C7DF0DD04B0}.Debug|x86.ActiveCfg = Debug|Any CPU
		{F455D3A5-8E69-473C-9375-9C7DF0DD04B0}.Debug|x86.Build.0 = Debug|Any CPU
		{F455D3A5-8E69-473C-9375-9C7DF0DD04B0}.Deploy|Any CPU.ActiveCfg = Debug|Any CPU
		{F455D3A5-8E69-473C-9375-9C7DF0DD04B0}.Deploy|Any CPU.Build.0 = Debug|Any CPU
		{F455D3A5-8E69-473C-9375-9C7DF0DD04B0}.Deploy|x86.ActiveCfg = Debug|Any CPU
		{F455D3A5-8E69-473C-9375-9C7DF0DD04B0}.Deploy|x86.Build.0 = Debug|Any CPU
		{F455D3A5-8E69-473C-9375-9C7DF0DD04B0}.Release|Any CPU.ActiveCfg = Release|Any CPU
		{F455D3A5-8E69-473C-9375-9C7DF0DD04B0}.Release|Any CPU.Build.0 = Release|Any CPU
		{F455D3A5-8E69-473C-9375-9C7DF0DD04B0}.Release|x86.ActiveCfg = Release|Any CPU
		{F455D3A5-8E69-473C-9375-9C7DF0DD04B0}.Release|x86.Build.0 = Release|Any CPU
		{A1DD3CF0-DF87-4602-9219-C91B0DA676B7}.Debug|Any CPU.ActiveCfg = Debug|Any CPU
		{A1DD3CF0-DF87-4602-9219-C91B0DA676B7}.Debug|Any CPU.Build.0 = Debug|Any CPU
		{A1DD3CF0-DF87-4602-9219-C91B0DA676B7}.Debug|x86.ActiveCfg = Debug|Any CPU
		{A1DD3CF0-DF87-4602-9219-C91B0DA676B7}.Debug|x86.Build.0 = Debug|Any CPU
		{A1DD3CF0-DF87-4602-9219-C91B0DA676B7}.Deploy|Any CPU.ActiveCfg = Debug|Any CPU
		{A1DD3CF0-DF87-4602-9219-C91B0DA676B7}.Deploy|Any CPU.Build.0 = Debug|Any CPU
		{A1DD3CF0-DF87-4602-9219-C91B0DA676B7}.Deploy|x86.ActiveCfg = Debug|Any CPU
		{A1DD3CF0-DF87-4602-9219-C91B0DA676B7}.Deploy|x86.Build.0 = Debug|Any CPU
		{A1DD3CF0-DF87-4602-9219-C91B0DA676B7}.Release|Any CPU.ActiveCfg = Release|Any CPU
		{A1DD3CF0-DF87-4602-9219-C91B0DA676B7}.Release|Any CPU.Build.0 = Release|Any CPU
		{A1DD3CF0-DF87-4602-9219-C91B0DA676B7}.Release|x86.ActiveCfg = Release|Any CPU
		{A1DD3CF0-DF87-4602-9219-C91B0DA676B7}.Release|x86.Build.0 = Release|Any CPU
		{89BFFB04-584D-4D38-B96F-DBE433B93A63}.Debug|Any CPU.ActiveCfg = Debug|Any CPU
		{89BFFB04-584D-4D38-B96F-DBE433B93A63}.Debug|Any CPU.Build.0 = Debug|Any CPU
		{89BFFB04-584D-4D38-B96F-DBE433B93A63}.Debug|x86.ActiveCfg = Debug|Any CPU
		{89BFFB04-584D-4D38-B96F-DBE433B93A63}.Debug|x86.Build.0 = Debug|Any CPU
		{89BFFB04-584D-4D38-B96F-DBE433B93A63}.Deploy|Any CPU.ActiveCfg = Debug|Any CPU
		{89BFFB04-584D-4D38-B96F-DBE433B93A63}.Deploy|Any CPU.Build.0 = Debug|Any CPU
		{89BFFB04-584D-4D38-B96F-DBE433B93A63}.Deploy|x86.ActiveCfg = Debug|Any CPU
		{89BFFB04-584D-4D38-B96F-DBE433B93A63}.Deploy|x86.Build.0 = Debug|Any CPU
		{89BFFB04-584D-4D38-B96F-DBE433B93A63}.Release|Any CPU.ActiveCfg = Release|Any CPU
		{89BFFB04-584D-4D38-B96F-DBE433B93A63}.Release|Any CPU.Build.0 = Release|Any CPU
		{89BFFB04-584D-4D38-B96F-DBE433B93A63}.Release|x86.ActiveCfg = Release|Any CPU
		{89BFFB04-584D-4D38-B96F-DBE433B93A63}.Release|x86.Build.0 = Release|Any CPU
		{6D1E903A-D4CC-4C3A-8A33-A1F66460EFDB}.Debug|Any CPU.ActiveCfg = Debug|Any CPU
		{6D1E903A-D4CC-4C3A-8A33-A1F66460EFDB}.Debug|Any CPU.Build.0 = Debug|Any CPU
		{6D1E903A-D4CC-4C3A-8A33-A1F66460EFDB}.Debug|x86.ActiveCfg = Debug|Any CPU
		{6D1E903A-D4CC-4C3A-8A33-A1F66460EFDB}.Debug|x86.Build.0 = Debug|Any CPU
		{6D1E903A-D4CC-4C3A-8A33-A1F66460EFDB}.Deploy|Any CPU.ActiveCfg = Debug|Any CPU
		{6D1E903A-D4CC-4C3A-8A33-A1F66460EFDB}.Deploy|Any CPU.Build.0 = Debug|Any CPU
		{6D1E903A-D4CC-4C3A-8A33-A1F66460EFDB}.Deploy|x86.ActiveCfg = Debug|Any CPU
		{6D1E903A-D4CC-4C3A-8A33-A1F66460EFDB}.Deploy|x86.Build.0 = Debug|Any CPU
		{6D1E903A-D4CC-4C3A-8A33-A1F66460EFDB}.Release|Any CPU.ActiveCfg = Release|Any CPU
		{6D1E903A-D4CC-4C3A-8A33-A1F66460EFDB}.Release|Any CPU.Build.0 = Release|Any CPU
		{6D1E903A-D4CC-4C3A-8A33-A1F66460EFDB}.Release|x86.ActiveCfg = Release|Any CPU
		{6D1E903A-D4CC-4C3A-8A33-A1F66460EFDB}.Release|x86.Build.0 = Release|Any CPU
		{484BE584-EC22-4D72-84CD-1518C3CCA89B}.Debug|Any CPU.ActiveCfg = Debug|Any CPU
		{484BE584-EC22-4D72-84CD-1518C3CCA89B}.Debug|Any CPU.Build.0 = Debug|Any CPU
		{484BE584-EC22-4D72-84CD-1518C3CCA89B}.Debug|x86.ActiveCfg = Debug|Any CPU
		{484BE584-EC22-4D72-84CD-1518C3CCA89B}.Debug|x86.Build.0 = Debug|Any CPU
		{484BE584-EC22-4D72-84CD-1518C3CCA89B}.Deploy|Any CPU.ActiveCfg = Debug|Any CPU
		{484BE584-EC22-4D72-84CD-1518C3CCA89B}.Deploy|Any CPU.Build.0 = Debug|Any CPU
		{484BE584-EC22-4D72-84CD-1518C3CCA89B}.Deploy|x86.ActiveCfg = Debug|Any CPU
		{484BE584-EC22-4D72-84CD-1518C3CCA89B}.Deploy|x86.Build.0 = Debug|Any CPU
		{484BE584-EC22-4D72-84CD-1518C3CCA89B}.Release|Any CPU.ActiveCfg = Release|Any CPU
		{484BE584-EC22-4D72-84CD-1518C3CCA89B}.Release|Any CPU.Build.0 = Release|Any CPU
		{484BE584-EC22-4D72-84CD-1518C3CCA89B}.Release|x86.ActiveCfg = Release|Any CPU
		{484BE584-EC22-4D72-84CD-1518C3CCA89B}.Release|x86.Build.0 = Release|Any CPU
		{67919410-E948-41A8-A9AF-564E7231488D}.Debug|Any CPU.ActiveCfg = Debug|Any CPU
		{67919410-E948-41A8-A9AF-564E7231488D}.Debug|Any CPU.Build.0 = Debug|Any CPU
		{67919410-E948-41A8-A9AF-564E7231488D}.Debug|x86.ActiveCfg = Debug|Any CPU
		{67919410-E948-41A8-A9AF-564E7231488D}.Debug|x86.Build.0 = Debug|Any CPU
		{67919410-E948-41A8-A9AF-564E7231488D}.Deploy|Any CPU.ActiveCfg = Debug|Any CPU
		{67919410-E948-41A8-A9AF-564E7231488D}.Deploy|Any CPU.Build.0 = Debug|Any CPU
		{67919410-E948-41A8-A9AF-564E7231488D}.Deploy|x86.ActiveCfg = Debug|Any CPU
		{67919410-E948-41A8-A9AF-564E7231488D}.Deploy|x86.Build.0 = Debug|Any CPU
		{67919410-E948-41A8-A9AF-564E7231488D}.Release|Any CPU.ActiveCfg = Release|Any CPU
		{67919410-E948-41A8-A9AF-564E7231488D}.Release|Any CPU.Build.0 = Release|Any CPU
		{67919410-E948-41A8-A9AF-564E7231488D}.Release|x86.ActiveCfg = Release|Any CPU
		{67919410-E948-41A8-A9AF-564E7231488D}.Release|x86.Build.0 = Release|Any CPU
		{F70FDA7E-0F40-4AD6-81CF-B661E8E53EEB}.Debug|Any CPU.ActiveCfg = Debug|Any CPU
		{F70FDA7E-0F40-4AD6-81CF-B661E8E53EEB}.Debug|Any CPU.Build.0 = Debug|Any CPU
		{F70FDA7E-0F40-4AD6-81CF-B661E8E53EEB}.Debug|x86.ActiveCfg = Debug|Any CPU
		{F70FDA7E-0F40-4AD6-81CF-B661E8E53EEB}.Debug|x86.Build.0 = Debug|Any CPU
		{F70FDA7E-0F40-4AD6-81CF-B661E8E53EEB}.Deploy|Any CPU.ActiveCfg = Debug|Any CPU
		{F70FDA7E-0F40-4AD6-81CF-B661E8E53EEB}.Deploy|Any CPU.Build.0 = Debug|Any CPU
		{F70FDA7E-0F40-4AD6-81CF-B661E8E53EEB}.Deploy|x86.ActiveCfg = Debug|Any CPU
		{F70FDA7E-0F40-4AD6-81CF-B661E8E53EEB}.Deploy|x86.Build.0 = Debug|Any CPU
		{F70FDA7E-0F40-4AD6-81CF-B661E8E53EEB}.Release|Any CPU.ActiveCfg = Release|Any CPU
		{F70FDA7E-0F40-4AD6-81CF-B661E8E53EEB}.Release|Any CPU.Build.0 = Release|Any CPU
		{F70FDA7E-0F40-4AD6-81CF-B661E8E53EEB}.Release|x86.ActiveCfg = Release|Any CPU
		{F70FDA7E-0F40-4AD6-81CF-B661E8E53EEB}.Release|x86.Build.0 = Release|Any CPU
		{51371DB2-7528-406E-9332-8818E1D8FC3A}.Debug|Any CPU.ActiveCfg = Debug|Any CPU
		{51371DB2-7528-406E-9332-8818E1D8FC3A}.Debug|Any CPU.Build.0 = Debug|Any CPU
		{51371DB2-7528-406E-9332-8818E1D8FC3A}.Debug|x86.ActiveCfg = Debug|Any CPU
		{51371DB2-7528-406E-9332-8818E1D8FC3A}.Debug|x86.Build.0 = Debug|Any CPU
		{51371DB2-7528-406E-9332-8818E1D8FC3A}.Deploy|Any CPU.ActiveCfg = Debug|Any CPU
		{51371DB2-7528-406E-9332-8818E1D8FC3A}.Deploy|Any CPU.Build.0 = Debug|Any CPU
		{51371DB2-7528-406E-9332-8818E1D8FC3A}.Deploy|x86.ActiveCfg = Debug|Any CPU
		{51371DB2-7528-406E-9332-8818E1D8FC3A}.Deploy|x86.Build.0 = Debug|Any CPU
		{51371DB2-7528-406E-9332-8818E1D8FC3A}.Release|Any CPU.ActiveCfg = Release|Any CPU
		{51371DB2-7528-406E-9332-8818E1D8FC3A}.Release|Any CPU.Build.0 = Release|Any CPU
		{51371DB2-7528-406E-9332-8818E1D8FC3A}.Release|x86.ActiveCfg = Release|Any CPU
		{51371DB2-7528-406E-9332-8818E1D8FC3A}.Release|x86.Build.0 = Release|Any CPU
		{8781702C-0E79-4CCD-B4B1-094FAF32D881}.Debug|Any CPU.ActiveCfg = Debug|Any CPU
		{8781702C-0E79-4CCD-B4B1-094FAF32D881}.Debug|Any CPU.Build.0 = Debug|Any CPU
		{8781702C-0E79-4CCD-B4B1-094FAF32D881}.Debug|x86.ActiveCfg = Debug|Any CPU
		{8781702C-0E79-4CCD-B4B1-094FAF32D881}.Debug|x86.Build.0 = Debug|Any CPU
		{8781702C-0E79-4CCD-B4B1-094FAF32D881}.Deploy|Any CPU.ActiveCfg = Debug|Any CPU
		{8781702C-0E79-4CCD-B4B1-094FAF32D881}.Deploy|Any CPU.Build.0 = Debug|Any CPU
		{8781702C-0E79-4CCD-B4B1-094FAF32D881}.Deploy|x86.ActiveCfg = Debug|Any CPU
		{8781702C-0E79-4CCD-B4B1-094FAF32D881}.Deploy|x86.Build.0 = Debug|Any CPU
		{8781702C-0E79-4CCD-B4B1-094FAF32D881}.Release|Any CPU.ActiveCfg = Release|Any CPU
		{8781702C-0E79-4CCD-B4B1-094FAF32D881}.Release|Any CPU.Build.0 = Release|Any CPU
		{8781702C-0E79-4CCD-B4B1-094FAF32D881}.Release|x86.ActiveCfg = Release|Any CPU
		{8781702C-0E79-4CCD-B4B1-094FAF32D881}.Release|x86.Build.0 = Release|Any CPU
		{B7EA335A-76B9-47AB-A394-1AD45CBE00FA}.Debug|Any CPU.ActiveCfg = Debug|Any CPU
		{B7EA335A-76B9-47AB-A394-1AD45CBE00FA}.Debug|Any CPU.Build.0 = Debug|Any CPU
		{B7EA335A-76B9-47AB-A394-1AD45CBE00FA}.Debug|x86.ActiveCfg = Debug|Any CPU
		{B7EA335A-76B9-47AB-A394-1AD45CBE00FA}.Debug|x86.Build.0 = Debug|Any CPU
		{B7EA335A-76B9-47AB-A394-1AD45CBE00FA}.Deploy|Any CPU.ActiveCfg = Debug|Any CPU
		{B7EA335A-76B9-47AB-A394-1AD45CBE00FA}.Deploy|Any CPU.Build.0 = Debug|Any CPU
		{B7EA335A-76B9-47AB-A394-1AD45CBE00FA}.Deploy|x86.ActiveCfg = Debug|Any CPU
		{B7EA335A-76B9-47AB-A394-1AD45CBE00FA}.Deploy|x86.Build.0 = Debug|Any CPU
		{B7EA335A-76B9-47AB-A394-1AD45CBE00FA}.Release|Any CPU.ActiveCfg = Release|Any CPU
		{B7EA335A-76B9-47AB-A394-1AD45CBE00FA}.Release|Any CPU.Build.0 = Release|Any CPU
		{B7EA335A-76B9-47AB-A394-1AD45CBE00FA}.Release|x86.ActiveCfg = Release|Any CPU
		{B7EA335A-76B9-47AB-A394-1AD45CBE00FA}.Release|x86.Build.0 = Release|Any CPU
		{334DAF99-71C3-4F26-819F-AB218502716D}.Debug|Any CPU.ActiveCfg = Debug|Any CPU
		{334DAF99-71C3-4F26-819F-AB218502716D}.Debug|Any CPU.Build.0 = Debug|Any CPU
		{334DAF99-71C3-4F26-819F-AB218502716D}.Debug|x86.ActiveCfg = Debug|Any CPU
		{334DAF99-71C3-4F26-819F-AB218502716D}.Debug|x86.Build.0 = Debug|Any CPU
		{334DAF99-71C3-4F26-819F-AB218502716D}.Deploy|Any CPU.ActiveCfg = Debug|Any CPU
		{334DAF99-71C3-4F26-819F-AB218502716D}.Deploy|Any CPU.Build.0 = Debug|Any CPU
		{334DAF99-71C3-4F26-819F-AB218502716D}.Deploy|x86.ActiveCfg = Debug|Any CPU
		{334DAF99-71C3-4F26-819F-AB218502716D}.Deploy|x86.Build.0 = Debug|Any CPU
		{334DAF99-71C3-4F26-819F-AB218502716D}.Release|Any CPU.ActiveCfg = Release|Any CPU
		{334DAF99-71C3-4F26-819F-AB218502716D}.Release|Any CPU.Build.0 = Release|Any CPU
		{334DAF99-71C3-4F26-819F-AB218502716D}.Release|x86.ActiveCfg = Release|Any CPU
		{334DAF99-71C3-4F26-819F-AB218502716D}.Release|x86.Build.0 = Release|Any CPU
		{7C9E2091-83DC-405A-A96A-EC83BE171BAC}.Debug|Any CPU.ActiveCfg = Debug|Any CPU
		{7C9E2091-83DC-405A-A96A-EC83BE171BAC}.Debug|Any CPU.Build.0 = Debug|Any CPU
		{7C9E2091-83DC-405A-A96A-EC83BE171BAC}.Debug|x86.ActiveCfg = Debug|Any CPU
		{7C9E2091-83DC-405A-A96A-EC83BE171BAC}.Debug|x86.Build.0 = Debug|Any CPU
		{7C9E2091-83DC-405A-A96A-EC83BE171BAC}.Deploy|Any CPU.ActiveCfg = Debug|Any CPU
		{7C9E2091-83DC-405A-A96A-EC83BE171BAC}.Deploy|Any CPU.Build.0 = Debug|Any CPU
		{7C9E2091-83DC-405A-A96A-EC83BE171BAC}.Deploy|x86.ActiveCfg = Debug|Any CPU
		{7C9E2091-83DC-405A-A96A-EC83BE171BAC}.Deploy|x86.Build.0 = Debug|Any CPU
		{7C9E2091-83DC-405A-A96A-EC83BE171BAC}.Release|Any CPU.ActiveCfg = Release|Any CPU
		{7C9E2091-83DC-405A-A96A-EC83BE171BAC}.Release|Any CPU.Build.0 = Release|Any CPU
		{7C9E2091-83DC-405A-A96A-EC83BE171BAC}.Release|x86.ActiveCfg = Release|Any CPU
		{7C9E2091-83DC-405A-A96A-EC83BE171BAC}.Release|x86.Build.0 = Release|Any CPU
	EndGlobalSection
	GlobalSection(SolutionProperties) = preSolution
		HideSolutionNode = FALSE
	EndGlobalSection
	GlobalSection(NestedProjects) = preSolution
		{E2BAEB61-E7F8-4717-8328-B97C5DA29126} = {4743917D-BDB4-4206-A899-ADDE16496D61}
		{6D1D0AE2-15FB-4512-885A-562BC345E274} = {4743917D-BDB4-4206-A899-ADDE16496D61}
		{F455D3A5-8E69-473C-9375-9C7DF0DD04B0} = {6DE36E61-9201-4730-B19F-C0749586A8A4}
		{A1DD3CF0-DF87-4602-9219-C91B0DA676B7} = {6DE36E61-9201-4730-B19F-C0749586A8A4}
		{89BFFB04-584D-4D38-B96F-DBE433B93A63} = {6DE36E61-9201-4730-B19F-C0749586A8A4}
		{6D1E903A-D4CC-4C3A-8A33-A1F66460EFDB} = {6DE36E61-9201-4730-B19F-C0749586A8A4}
		{484BE584-EC22-4D72-84CD-1518C3CCA89B} = {CD1045BD-6EA7-4DEC-BD7A-FFD05BBC9753}
		{67919410-E948-41A8-A9AF-564E7231488D} = {CD1045BD-6EA7-4DEC-BD7A-FFD05BBC9753}
		{F70FDA7E-0F40-4AD6-81CF-B661E8E53EEB} = {CD1045BD-6EA7-4DEC-BD7A-FFD05BBC9753}
		{51371DB2-7528-406E-9332-8818E1D8FC3A} = {CD1045BD-6EA7-4DEC-BD7A-FFD05BBC9753}
		{8781702C-0E79-4CCD-B4B1-094FAF32D881} = {CD1045BD-6EA7-4DEC-BD7A-FFD05BBC9753}
		{B7EA335A-76B9-47AB-A394-1AD45CBE00FA} = {CD1045BD-6EA7-4DEC-BD7A-FFD05BBC9753}
		{334DAF99-71C3-4F26-819F-AB218502716D} = {CD1045BD-6EA7-4DEC-BD7A-FFD05BBC9753}
		{7C9E2091-83DC-405A-A96A-EC83BE171BAC} = {CD1045BD-6EA7-4DEC-BD7A-FFD05BBC9753}
	EndGlobalSection
	GlobalSection(ExtensibilityGlobals) = postSolution
		SolutionGuid = {75BABEFA-0CCA-41FE-8346-3BEB1A8B0F28}
	EndGlobalSection
EndGlobal
